
Microsoft Visual Studio Solution File, Format Version 12.00
# Visual Studio Version 16
VisualStudioVersion = 16.0.29728.190
MinimumVisualStudioVersion = 10.0.40219.1
Project("{FAE04EC0-301F-11D3-BF4B-00C04F79EFBC}") = "Stressies", "Stressies\Stressies.csproj", "{EEE1635C-DFF6-4F07-9432-7BFA6839B05D}"
EndProject
Project("{FAE04EC0-301F-11D3-BF4B-00C04F79EFBC}") = "Stressies.Data", "Stressies.Data\Stressies.Data.csproj", "{A02EC465-568D-461A-A0D5-9089DDF02534}"
EndProject
Project("{FAE04EC0-301F-11D3-BF4B-00C04F79EFBC}") = "Stressies.Services", "Stressies.Services\Stressies.Services.csproj", "{FBC61D8C-0856-48E0-86BB-D4E88C065CDD}"
EndProject
Project("{FAE04EC0-301F-11D3-BF4B-00C04F79EFBC}") = "Stressies.Domain", "Stressies.Domain\Stressies.Domain.csproj", "{1A56FE44-6942-4C24-82DE-FB551CA48963}"
EndProject
Global
	GlobalSection(SolutionConfigurationPlatforms) = preSolution
		Debug|Any CPU = Debug|Any CPU
		Release|Any CPU = Release|Any CPU
	EndGlobalSection
	GlobalSection(ProjectConfigurationPlatforms) = postSolution
		{EEE1635C-DFF6-4F07-9432-7BFA6839B05D}.Debug|Any CPU.ActiveCfg = Debug|Any CPU
		{EEE1635C-DFF6-4F07-9432-7BFA6839B05D}.Debug|Any CPU.Build.0 = Debug|Any CPU
		{EEE1635C-DFF6-4F07-9432-7BFA6839B05D}.Release|Any CPU.ActiveCfg = Release|Any CPU
		{EEE1635C-DFF6-4F07-9432-7BFA6839B05D}.Release|Any CPU.Build.0 = Release|Any CPU
		{A02EC465-568D-461A-A0D5-9089DDF02534}.Debug|Any CPU.ActiveCfg = Debug|Any CPU
		{A02EC465-568D-461A-A0D5-9089DDF02534}.Debug|Any CPU.Build.0 = Debug|Any CPU
		{A02EC465-568D-461A-A0D5-9089DDF02534}.Release|Any CPU.ActiveCfg = Release|Any CPU
		{A02EC465-568D-461A-A0D5-9089DDF02534}.Release|Any CPU.Build.0 = Release|Any CPU
		{FBC61D8C-0856-48E0-86BB-D4E88C065CDD}.Debug|Any CPU.ActiveCfg = Debug|Any CPU
		{FBC61D8C-0856-48E0-86BB-D4E88C065CDD}.Debug|Any CPU.Build.0 = Debug|Any CPU
		{FBC61D8C-0856-48E0-86BB-D4E88C065CDD}.Release|Any CPU.ActiveCfg = Release|Any CPU
		{FBC61D8C-0856-48E0-86BB-D4E88C065CDD}.Release|Any CPU.Build.0 = Release|Any CPU
		{1A56FE44-6942-4C24-82DE-FB551CA48963}.Debug|Any CPU.ActiveCfg = Debug|Any CPU
		{1A56FE44-6942-4C24-82DE-FB551CA48963}.Debug|Any CPU.Build.0 = Debug|Any CPU
		{1A56FE44-6942-4C24-82DE-FB551CA48963}.Release|Any CPU.ActiveCfg = Release|Any CPU
		{1A56FE44-6942-4C24-82DE-FB551CA48963}.Release|Any CPU.Build.0 = Release|Any CPU
	EndGlobalSection
	GlobalSection(SolutionProperties) = preSolution
		HideSolutionNode = FALSE
	EndGlobalSection
	GlobalSection(ExtensibilityGlobals) = postSolution
		SolutionGuid = {BB767FCD-FBB4-47DC-84AF-101F6D4BA2B4}
	EndGlobalSection
EndGlobal
